
Microsoft Visual Studio Solution File, Format Version 12.00
# Visual Studio 15
VisualStudioVersion = 15.0.28307.168
MinimumVisualStudioVersion = 10.0.40219.1
Project("{FAE04EC0-301F-11D3-BF4B-00C04F79EFBC}") = "Selenium", "Selenium\Selenium.csproj", "{C760FAEA-416C-49B6-AEE7-C81A8E9D7C7D}"
EndProject
Global
	GlobalSection(SolutionConfigurationPlatforms) = preSolution
		Debug|Any CPU = Debug|Any CPU
		Release|Any CPU = Release|Any CPU
	EndGlobalSection
	GlobalSection(ProjectConfigurationPlatforms) = postSolution
		{C760FAEA-416C-49B6-AEE7-C81A8E9D7C7D}.Debug|Any CPU.ActiveCfg = Debug|Any CPU
		{C760FAEA-416C-49B6-AEE7-C81A8E9D7C7D}.Debug|Any CPU.Build.0 = Debug|Any CPU
		{C760FAEA-416C-49B6-AEE7-C81A8E9D7C7D}.Release|Any CPU.ActiveCfg = Release|Any CPU
		{C760FAEA-416C-49B6-AEE7-C81A8E9D7C7D}.Release|Any CPU.Build.0 = Release|Any CPU
	EndGlobalSection
	GlobalSection(SolutionProperties) = preSolution
		HideSolutionNode = FALSE
	EndGlobalSection
	GlobalSection(ExtensibilityGlobals) = postSolution
		SolutionGuid = {386F8022-6372-41C3-8119-DE784A9A783D}
	EndGlobalSection
EndGlobal
